<?xml version="1.0" encoding="utf-8"?>
<Project ToolsVersion="4.0" xmlns="http://schemas.microsoft.com/developer/msbuild/2003">
  <ItemGroup>
    <CustomBuild Include="CMakeFiles\5e603d1dfe13a1c17381c376f9257a9f\INSTALL_force.rule">
      <Filter>CMake Rules</Filter>
    </CustomBuild>
  </ItemGroup>
  <ItemGroup>
    <Filter Include="CMake Rules">
      <UniqueIdentifier>{34FE7C61-D0AB-3F72-9B54-D48C0F056A44}</UniqueIdentifier>
    </Filter>
  </ItemGroup>
</Project>
