<?xml version="1.0" encoding="utf-8"?>
<Project ToolsVersion="15.0" xmlns="http://schemas.microsoft.com/developer/msbuild/2003">
  <ItemGroup>
    <ClCompile Include="C:\Users\FreshMango\source\repos\nao-control\controller\main.cpp">
      <Filter>Source Files</Filter>
    </ClCompile>
  </ItemGroup>
  <ItemGroup>
    <CustomBuild Include="C:\Users\FreshMango\source\repos\nao-control\controller\CMakeLists.txt" />
  </ItemGroup>
  <ItemGroup>
    <Filter Include="Source Files">
      <UniqueIdentifier>{67DF9A6D-A610-3A17-A29E-09CB04F225C7}</UniqueIdentifier>
    </Filter>
  </ItemGroup>
</Project>
